
Microsoft Visual Studio Solution File, Format Version 12.00
# Visual Studio Version 16
VisualStudioVersion = 16.0.31702.278
MinimumVisualStudioVersion = 10.0.40219.1
Project("{FAE04EC0-301F-11D3-BF4B-00C04F79EFBC}") = "CivilizationMapParser", "CivilizationMapParser.csproj", "{174E87A6-6DDC-40A6-A6B6-4F7FBDD21720}"
EndProject
Global
	GlobalSection(SolutionConfigurationPlatforms) = preSolution
		Debug|Any CPU = Debug|Any CPU
		Release|Any CPU = Release|Any CPU
	EndGlobalSection
	GlobalSection(ProjectConfigurationPlatforms) = postSolution
		{174E87A6-6DDC-40A6-A6B6-4F7FBDD21720}.Debug|Any CPU.ActiveCfg = Debug|Any CPU
		{174E87A6-6DDC-40A6-A6B6-4F7FBDD21720}.Debug|Any CPU.Build.0 = Debug|Any CPU
		{174E87A6-6DDC-40A6-A6B6-4F7FBDD21720}.Release|Any CPU.ActiveCfg = Release|Any CPU
		{174E87A6-6DDC-40A6-A6B6-4F7FBDD21720}.Release|Any CPU.Build.0 = Release|Any CPU
	EndGlobalSection
	GlobalSection(SolutionProperties) = preSolution
		HideSolutionNode = FALSE
	EndGlobalSection
	GlobalSection(ExtensibilityGlobals) = postSolution
		SolutionGuid = {CD2C3DB5-C721-4350-89AA-26055CA42C19}
	EndGlobalSection
EndGlobal
